
Microsoft Visual Studio Solution File, Format Version 12.00
# Visual Studio Version 16
VisualStudioVersion = 16.0.31005.135
MinimumVisualStudioVersion = 10.0.40219.1
Project("{FAE04EC0-301F-11D3-BF4B-00C04F79EFBC}") = "Seasons", "Seasons\Seasons.csproj", "{03CC8D09-1C1E-4B05-B5B9-D1D03EE95A5B}"
EndProject
Project("{FAE04EC0-301F-11D3-BF4B-00C04F79EFBC}") = "Cheque", "..\Cheque\Cheque.csproj", "{572EA56E-2FDE-43A5-865F-B25B887BCA8A}"
EndProject
Project("{FAE04EC0-301F-11D3-BF4B-00C04F79EFBC}") = "Masks", "Masks\Masks.csproj", "{83D5C71F-C515-4465-8DFF-0AE18CCEABDC}"
EndProject
Global
	GlobalSection(SolutionConfigurationPlatforms) = preSolution
		Debug|Any CPU = Debug|Any CPU
		Release|Any CPU = Release|Any CPU
	EndGlobalSection
	GlobalSection(ProjectConfigurationPlatforms) = postSolution
		{03CC8D09-1C1E-4B05-B5B9-D1D03EE95A5B}.Debug|Any CPU.ActiveCfg = Debug|Any CPU
		{03CC8D09-1C1E-4B05-B5B9-D1D03EE95A5B}.Debug|Any CPU.Build.0 = Debug|Any CPU
		{03CC8D09-1C1E-4B05-B5B9-D1D03EE95A5B}.Release|Any CPU.ActiveCfg = Release|Any CPU
		{03CC8D09-1C1E-4B05-B5B9-D1D03EE95A5B}.Release|Any CPU.Build.0 = Release|Any CPU
		{572EA56E-2FDE-43A5-865F-B25B887BCA8A}.Debug|Any CPU.ActiveCfg = Debug|Any CPU
		{572EA56E-2FDE-43A5-865F-B25B887BCA8A}.Debug|Any CPU.Build.0 = Debug|Any CPU
		{572EA56E-2FDE-43A5-865F-B25B887BCA8A}.Release|Any CPU.ActiveCfg = Release|Any CPU
		{572EA56E-2FDE-43A5-865F-B25B887BCA8A}.Release|Any CPU.Build.0 = Release|Any CPU
		{83D5C71F-C515-4465-8DFF-0AE18CCEABDC}.Debug|Any CPU.ActiveCfg = Debug|Any CPU
		{83D5C71F-C515-4465-8DFF-0AE18CCEABDC}.Debug|Any CPU.Build.0 = Debug|Any CPU
		{83D5C71F-C515-4465-8DFF-0AE18CCEABDC}.Release|Any CPU.ActiveCfg = Release|Any CPU
		{83D5C71F-C515-4465-8DFF-0AE18CCEABDC}.Release|Any CPU.Build.0 = Release|Any CPU
	EndGlobalSection
	GlobalSection(SolutionProperties) = preSolution
		HideSolutionNode = FALSE
	EndGlobalSection
	GlobalSection(ExtensibilityGlobals) = postSolution
		SolutionGuid = {BCBFA278-9105-42F9-8AA6-002256AB46A5}
	EndGlobalSection
EndGlobal
